
Microsoft Visual Studio Solution File, Format Version 12.00
# Visual Studio 15
VisualStudioVersion = 15.0.26730.16
MinimumVisualStudioVersion = 10.0.40219.1
Project("{FAE04EC0-301F-11D3-BF4B-00C04F79EFBC}") = "GenericCourse", "GenericCourse\GenericCourse.csproj", "{F479B38C-6E77-4299-A962-605A0BEAC159}"
EndProject
Global
	GlobalSection(SolutionConfigurationPlatforms) = preSolution
		Debug|Any CPU = Debug|Any CPU
		Release|Any CPU = Release|Any CPU
	EndGlobalSection
	GlobalSection(ProjectConfigurationPlatforms) = postSolution
		{F479B38C-6E77-4299-A962-605A0BEAC159}.Debug|Any CPU.ActiveCfg = Debug|Any CPU
		{F479B38C-6E77-4299-A962-605A0BEAC159}.Debug|Any CPU.Build.0 = Debug|Any CPU
		{F479B38C-6E77-4299-A962-605A0BEAC159}.Release|Any CPU.ActiveCfg = Release|Any CPU
		{F479B38C-6E77-4299-A962-605A0BEAC159}.Release|Any CPU.Build.0 = Release|Any CPU
	EndGlobalSection
	GlobalSection(SolutionProperties) = preSolution
		HideSolutionNode = FALSE
	EndGlobalSection
	GlobalSection(ExtensibilityGlobals) = postSolution
		SolutionGuid = {64B8036C-C851-4F75-99C4-5B85CF8CBFCE}
	EndGlobalSection
EndGlobal
