
Microsoft Visual Studio Solution File, Format Version 12.00
# Visual Studio 15
VisualStudioVersion = 15.0.26730.16
MinimumVisualStudioVersion = 10.0.40219.1
Project("{FAE04EC0-301F-11D3-BF4B-00C04F79EFBC}") = "Abstraction", "Abstraction\Abstraction.csproj", "{70E1B28B-FBCC-45AE-8ACD-720759FCBD23}"
EndProject
Global
	GlobalSection(SolutionConfigurationPlatforms) = preSolution
		Debug|Any CPU = Debug|Any CPU
		Release|Any CPU = Release|Any CPU
	EndGlobalSection
	GlobalSection(ProjectConfigurationPlatforms) = postSolution
		{70E1B28B-FBCC-45AE-8ACD-720759FCBD23}.Debug|Any CPU.ActiveCfg = Debug|Any CPU
		{70E1B28B-FBCC-45AE-8ACD-720759FCBD23}.Debug|Any CPU.Build.0 = Debug|Any CPU
		{70E1B28B-FBCC-45AE-8ACD-720759FCBD23}.Release|Any CPU.ActiveCfg = Release|Any CPU
		{70E1B28B-FBCC-45AE-8ACD-720759FCBD23}.Release|Any CPU.Build.0 = Release|Any CPU
	EndGlobalSection
	GlobalSection(SolutionProperties) = preSolution
		HideSolutionNode = FALSE
	EndGlobalSection
	GlobalSection(ExtensibilityGlobals) = postSolution
		SolutionGuid = {5DA3FF14-8663-4FC2-94AD-D6B04524753D}
	EndGlobalSection
EndGlobal
