
Microsoft Visual Studio Solution File, Format Version 12.00
# Visual Studio 15
VisualStudioVersion = 15.0.26730.16
MinimumVisualStudioVersion = 10.0.40219.1
Project("{FAE04EC0-301F-11D3-BF4B-00C04F79EFBC}") = "AdoRestaurant", "AdoRestaurant\AdoRestaurant.csproj", "{F44C0A17-9FE1-4EB8-8A43-7159E36FA6A2}"
EndProject
Global
	GlobalSection(SolutionConfigurationPlatforms) = preSolution
		Debug|Any CPU = Debug|Any CPU
		Release|Any CPU = Release|Any CPU
	EndGlobalSection
	GlobalSection(ProjectConfigurationPlatforms) = postSolution
		{F44C0A17-9FE1-4EB8-8A43-7159E36FA6A2}.Debug|Any CPU.ActiveCfg = Debug|Any CPU
		{F44C0A17-9FE1-4EB8-8A43-7159E36FA6A2}.Debug|Any CPU.Build.0 = Debug|Any CPU
		{F44C0A17-9FE1-4EB8-8A43-7159E36FA6A2}.Release|Any CPU.ActiveCfg = Release|Any CPU
		{F44C0A17-9FE1-4EB8-8A43-7159E36FA6A2}.Release|Any CPU.Build.0 = Release|Any CPU
	EndGlobalSection
	GlobalSection(SolutionProperties) = preSolution
		HideSolutionNode = FALSE
	EndGlobalSection
	GlobalSection(ExtensibilityGlobals) = postSolution
		SolutionGuid = {FF0B7B4C-AC9B-42ED-9DC6-A494E4FE1094}
	EndGlobalSection
EndGlobal
