
Microsoft Visual Studio Solution File, Format Version 12.00
# Visual Studio 15
VisualStudioVersion = 15.0.26730.16
MinimumVisualStudioVersion = 10.0.40219.1
Project("{FAE04EC0-301F-11D3-BF4B-00C04F79EFBC}") = "ClassLibCalculation", "ClassLibCalculation\ClassLibCalculation.csproj", "{BCD92152-0522-4BAE-9107-4C1BDB11F939}"
EndProject
Global
	GlobalSection(SolutionConfigurationPlatforms) = preSolution
		Debug|Any CPU = Debug|Any CPU
		Release|Any CPU = Release|Any CPU
	EndGlobalSection
	GlobalSection(ProjectConfigurationPlatforms) = postSolution
		{BCD92152-0522-4BAE-9107-4C1BDB11F939}.Debug|Any CPU.ActiveCfg = Debug|Any CPU
		{BCD92152-0522-4BAE-9107-4C1BDB11F939}.Debug|Any CPU.Build.0 = Debug|Any CPU
		{BCD92152-0522-4BAE-9107-4C1BDB11F939}.Release|Any CPU.ActiveCfg = Release|Any CPU
		{BCD92152-0522-4BAE-9107-4C1BDB11F939}.Release|Any CPU.Build.0 = Release|Any CPU
	EndGlobalSection
	GlobalSection(SolutionProperties) = preSolution
		HideSolutionNode = FALSE
	EndGlobalSection
	GlobalSection(ExtensibilityGlobals) = postSolution
		SolutionGuid = {C438E2DB-62D0-4C99-BB25-9951F82FCC72}
	EndGlobalSection
EndGlobal
