
Microsoft Visual Studio Solution File, Format Version 12.00
# Visual Studio 15
VisualStudioVersion = 15.0.26730.16
MinimumVisualStudioVersion = 10.0.40219.1
Project("{FAE04EC0-301F-11D3-BF4B-00C04F79EFBC}") = "FileOperations", "FileOperations\FileOperations.csproj", "{C0F453B1-4C8E-4313-A7CA-62758173F5D1}"
EndProject
Global
	GlobalSection(SolutionConfigurationPlatforms) = preSolution
		Debug|Any CPU = Debug|Any CPU
		Release|Any CPU = Release|Any CPU
	EndGlobalSection
	GlobalSection(ProjectConfigurationPlatforms) = postSolution
		{C0F453B1-4C8E-4313-A7CA-62758173F5D1}.Debug|Any CPU.ActiveCfg = Debug|Any CPU
		{C0F453B1-4C8E-4313-A7CA-62758173F5D1}.Debug|Any CPU.Build.0 = Debug|Any CPU
		{C0F453B1-4C8E-4313-A7CA-62758173F5D1}.Release|Any CPU.ActiveCfg = Release|Any CPU
		{C0F453B1-4C8E-4313-A7CA-62758173F5D1}.Release|Any CPU.Build.0 = Release|Any CPU
	EndGlobalSection
	GlobalSection(SolutionProperties) = preSolution
		HideSolutionNode = FALSE
	EndGlobalSection
	GlobalSection(ExtensibilityGlobals) = postSolution
		SolutionGuid = {945F217B-436D-4E02-B18E-568DD30C448D}
	EndGlobalSection
EndGlobal
