
Microsoft Visual Studio Solution File, Format Version 12.00
# Visual Studio 15
VisualStudioVersion = 15.0.26730.16
MinimumVisualStudioVersion = 10.0.40219.1
Project("{FAE04EC0-301F-11D3-BF4B-00C04F79EFBC}") = "GenericCollectionDemo", "GenericCollectionDemo\GenericCollectionDemo.csproj", "{9BFCB7DE-78E6-4C55-A4D8-DD366194F4FE}"
EndProject
Global
	GlobalSection(SolutionConfigurationPlatforms) = preSolution
		Debug|Any CPU = Debug|Any CPU
		Release|Any CPU = Release|Any CPU
	EndGlobalSection
	GlobalSection(ProjectConfigurationPlatforms) = postSolution
		{9BFCB7DE-78E6-4C55-A4D8-DD366194F4FE}.Debug|Any CPU.ActiveCfg = Debug|Any CPU
		{9BFCB7DE-78E6-4C55-A4D8-DD366194F4FE}.Debug|Any CPU.Build.0 = Debug|Any CPU
		{9BFCB7DE-78E6-4C55-A4D8-DD366194F4FE}.Release|Any CPU.ActiveCfg = Release|Any CPU
		{9BFCB7DE-78E6-4C55-A4D8-DD366194F4FE}.Release|Any CPU.Build.0 = Release|Any CPU
	EndGlobalSection
	GlobalSection(SolutionProperties) = preSolution
		HideSolutionNode = FALSE
	EndGlobalSection
	GlobalSection(ExtensibilityGlobals) = postSolution
		SolutionGuid = {95DA95DE-9853-4088-A978-A8BC40EA579E}
	EndGlobalSection
EndGlobal
